
Microsoft Visual Studio Solution File, Format Version 12.00
# Visual Studio Version 17
VisualStudioVersion = 17.5.002.0
MinimumVisualStudioVersion = 10.0.40219.1
Project("{9A19103F-16F7-4668-BE54-9A1E7A4F7556}") = "20songuyen", "20songuyen.csproj", "{12F6296F-5668-4BBA-9A08-5AD152AC1FB4}"
EndProject
Global
	GlobalSection(SolutionConfigurationPlatforms) = preSolution
		Debug|Any CPU = Debug|Any CPU
		Release|Any CPU = Release|Any CPU
	EndGlobalSection
	GlobalSection(ProjectConfigurationPlatforms) = postSolution
		{12F6296F-5668-4BBA-9A08-5AD152AC1FB4}.Debug|Any CPU.ActiveCfg = Debug|Any CPU
		{12F6296F-5668-4BBA-9A08-5AD152AC1FB4}.Debug|Any CPU.Build.0 = Debug|Any CPU
		{12F6296F-5668-4BBA-9A08-5AD152AC1FB4}.Release|Any CPU.ActiveCfg = Release|Any CPU
		{12F6296F-5668-4BBA-9A08-5AD152AC1FB4}.Release|Any CPU.Build.0 = Release|Any CPU
	EndGlobalSection
	GlobalSection(SolutionProperties) = preSolution
		HideSolutionNode = FALSE
	EndGlobalSection
	GlobalSection(ExtensibilityGlobals) = postSolution
		SolutionGuid = {988D19B6-2736-4270-8A37-42B6940372B1}
	EndGlobalSection
EndGlobal
